
Microsoft Visual Studio Solution File, Format Version 12.00
# Visual Studio 15
VisualStudioVersion = 15.0.27703.2018
MinimumVisualStudioVersion = 10.0.40219.1
Project("{FAE04EC0-301F-11D3-BF4B-00C04F79EFBC}") = "YuruyenRobot", "YuruyenRobot\YuruyenRobot.csproj", "{DDBCBBDD-130D-4EBA-923A-85329DD90867}"
EndProject
Global
	GlobalSection(SolutionConfigurationPlatforms) = preSolution
		Debug|Any CPU = Debug|Any CPU
		Release|Any CPU = Release|Any CPU
	EndGlobalSection
	GlobalSection(ProjectConfigurationPlatforms) = postSolution
		{DDBCBBDD-130D-4EBA-923A-85329DD90867}.Debug|Any CPU.ActiveCfg = Debug|Any CPU
		{DDBCBBDD-130D-4EBA-923A-85329DD90867}.Debug|Any CPU.Build.0 = Debug|Any CPU
		{DDBCBBDD-130D-4EBA-923A-85329DD90867}.Release|Any CPU.ActiveCfg = Release|Any CPU
		{DDBCBBDD-130D-4EBA-923A-85329DD90867}.Release|Any CPU.Build.0 = Release|Any CPU
	EndGlobalSection
	GlobalSection(SolutionProperties) = preSolution
		HideSolutionNode = FALSE
	EndGlobalSection
	GlobalSection(ExtensibilityGlobals) = postSolution
		SolutionGuid = {1A4DFEC4-9004-4903-BBBF-A56E6638509D}
	EndGlobalSection
EndGlobal
